<?xml version="1.0" encoding="utf-8"?>
<Project ToolsVersion="4.0" xmlns="http://schemas.microsoft.com/developer/msbuild/2003">
  <ItemGroup>
    <Filter Include="Resource Files">
      <UniqueIdentifier>{67DA6AB6-F800-4c08-8B7A-83BB121AAD01}</UniqueIdentifier>
      <Extensions>rc;ico;cur;bmp;dlg;rc2;rct;bin;rgs;gif;jpg;jpeg;jpe;resx;tiff;tif;png;wav;mfcribbon-ms</Extensions>
    </Filter>
    <Filter Include="Helper">
      <UniqueIdentifier>{cab7de3b-e475-46ed-a837-eaeb303e33f2}</UniqueIdentifier>
    </Filter>
    <Filter Include="Shaders">
      <UniqueIdentifier>{d6d33155-261a-49ff-8ac1-ad822beaa103}</UniqueIdentifier>
    </Filter>
    <Filter Include="imGui">
      <UniqueIdentifier>{cf076e81-52f4-450d-888c-89ada8577843}</UniqueIdentifier>
    </Filter>
  </ItemGroup>
  <ItemGroup>
    <ClCompile Include="Shaders.cpp" />
    <ClCompile Include="Helper\cfunctracer.cpp">
      <Filter>Helper</Filter>
    </ClCompile>
    <ClCompile Include="Helper\cscopedtimer.cpp">
      <Filter>Helper</Filter>
    </ClCompile>
    <ClCompile Include="Helper\ctracer.cpp">
      <Filter>Helper</Filter>
    </ClCompile>
    <ClCompile Include="Helper\Shader.cpp">
      <Filter>Helper</Filter>
    </ClCompile>
    <ClCompile Include="Helper\Texture2D.cpp">
      <Filter>Helper</Filter>
    </ClCompile>
    <ClCompile Include="Helper\Camera.cpp">
      <Filter>Helper</Filter>
    </ClCompile>
    <ClCompile Include="SceneBasic_Attributes.cpp" />
    <ClCompile Include="SceneRunner.cpp">
      <Filter>Helper</Filter>
    </ClCompile>
    <ClCompile Include="main.cpp" />
    <ClCompile Include="SceneBasic_Uniform.cpp" />
    <ClCompile Include="SceneBasic_Uniformblock.cpp" />
    <ClCompile Include="..\..\ThirdParty\src\GLAD\glad.c" />
    <ClCompile Include="SceneSeparable.cpp" />
    <ClCompile Include="Helper\Torus.cpp">
      <Filter>Helper</Filter>
    </ClCompile>
    <ClCompile Include="Helper\TriangleMesh.cpp">
      <Filter>Helper</Filter>
    </ClCompile>
    <ClCompile Include="SceneDiffuse.cpp" />
    <ClCompile Include="ScenePhong.cpp" />
    <ClCompile Include="Helper\teapot.cpp">
      <Filter>Helper</Filter>
    </ClCompile>
    <ClCompile Include="scenetwoside.cpp" />
    <ClCompile Include="Helper\objMesh.cpp">
      <Filter>Helper</Filter>
    </ClCompile>
    <ClCompile Include="sceneflat.cpp" />
    <ClCompile Include="scenesubroutine.cpp" />
    <ClCompile Include="scenediscard.cpp" />
    <ClCompile Include="Helper\Plane.cpp">
      <Filter>Helper</Filter>
    </ClCompile>
    <ClCompile Include="Helper\glslprogram.cpp">
      <Filter>Helper</Filter>
    </ClCompile>
    <ClCompile Include="Helper\GLUtils.cpp">
      <Filter>Helper</Filter>
    </ClCompile>
    <ClCompile Include="SceneMultilight.cpp" />
    <ClCompile Include="SceneDirectional.cpp" />
    <ClCompile Include="ScenePerFragment.cpp" />
    <ClCompile Include="SceneSpot.cpp" />
    <ClCompile Include="SceneCartoon.cpp" />
    <ClCompile Include="SceneFog.cpp" />
    <ClCompile Include="SceneBPR.cpp" />
    <ClCompile Include="Helper\Cube.cpp">
      <Filter>Helper</Filter>
    </ClCompile>
    <ClCompile Include="SceneTexture.cpp" />
    <ClCompile Include="Helper\texture.cpp">
      <Filter>Helper</Filter>
    </ClCompile>
    <ClCompile Include="SceneMultiTex.cpp" />
    <ClCompile Include="SceneAlphaTest.cpp" />
    <ClCompile Include="SceneNormal.cpp" />
    <ClCompile Include="SceneParallax.cpp" />
    <ClCompile Include="Helper\skybox.cpp">
      <Filter>Helper</Filter>
    </ClCompile>
    <ClCompile Include="SceneReflectCube.cpp" />
    <ClCompile Include="SceneRefractCube.cpp" />
    <ClCompile Include="..\..\ThirdParty\Lib\imgui\backends\imgui_impl_glfw.cpp">
      <Filter>imGui</Filter>
    </ClCompile>
    <ClCompile Include="..\..\ThirdParty\Lib\imgui\backends\imgui_impl_opengl3.cpp">
      <Filter>imGui</Filter>
    </ClCompile>
    <ClCompile Include="..\..\ThirdParty\Lib\imgui\backends\imgui_impl_win32.cpp">
      <Filter>imGui</Filter>
    </ClCompile>
    <ClCompile Include="..\..\ThirdParty\Lib\imgui\imgui.cpp">
      <Filter>imGui</Filter>
    </ClCompile>
    <ClCompile Include="..\..\ThirdParty\Lib\imgui\imgui_draw.cpp">
      <Filter>imGui</Filter>
    </ClCompile>
    <ClCompile Include="..\..\ThirdParty\Lib\imgui\imgui_tables.cpp">
      <Filter>imGui</Filter>
    </ClCompile>
    <ClCompile Include="..\..\ThirdParty\Lib\imgui\imgui_widgets.cpp">
      <Filter>imGui</Filter>
    </ClCompile>
    <ClCompile Include="..\..\ThirdParty\Lib\imgui\imgui_demo.cpp">
      <Filter>imGui</Filter>
    </ClCompile>
    <ClCompile Include="SceneMOW.cpp" />
    <ClCompile Include="Helper\Scene.cpp">
      <Filter>Helper</Filter>
    </ClCompile>
    <ClCompile Include="SceneRenderToTex.cpp" />
    <ClCompile Include="SceneSamplerObj.cpp" />
    <ClCompile Include="SceneDiffIbl.cpp" />
    <ClCompile Include="SceneEdgeDetection.cpp" />
    <ClCompile Include="SceneToneMap.cpp" />
    <ClCompile Include="Helper\Sphere.cpp">
      <Filter>Helper</Filter>
    </ClCompile>
    <ClCompile Include="SceneGausianBlur.cpp" />
    <ClCompile Include="SceneHDRBloom.cpp" />
    <ClCompile Include="SceneGamma.cpp" />
    <ClCompile Include="SceneMultiSampleAntiAliasing.cpp" />
    <ClCompile Include="SceneDeferredShading.cpp" />
    <ClCompile Include="SceneSpaceAmbientOcclusion.cpp" />
    <ClCompile Include="SceneOrderIndependentTransparency.cpp" />
    <ClCompile Include="ScenePointSprites.cpp" />
    <ClCompile Include="SceneShadeWire.cpp" />
    <ClCompile Include="SceneSilhouette.cpp" />
    <ClCompile Include="SceneBezierCurve.cpp" />
    <ClCompile Include="SceneQuadTesselation2D.cpp" />
    <ClCompile Include="SceneTessTeapot.cpp" />
    <ClCompile Include="Helper\teapotpatch.cpp">
      <Filter>Helper</Filter>
    </ClCompile>
    <ClCompile Include="SceneTessTeapotDepth.cpp" />
    <ClCompile Include="SceneShadowMap.cpp" />
    <ClCompile Include="Helper\frustum.cpp">
      <Filter>Helper</Filter>
    </ClCompile>
    <ClCompile Include="ScenePcfFilter.cpp" />
    <ClCompile Include="Helper\noiseTex.cpp">
      <Filter>Helper</Filter>
    </ClCompile>
  </ItemGroup>
  <ItemGroup>
    <ClInclude Include="Helper\cfunctracer.h">
      <Filter>Helper</Filter>
    </ClInclude>
    <ClInclude Include="Helper\cscopedtimer.h">
      <Filter>Helper</Filter>
    </ClInclude>
    <ClInclude Include="Helper\ctracer.h">
      <Filter>Helper</Filter>
    </ClInclude>
    <ClInclude Include="Helper\Shader.h">
      <Filter>Helper</Filter>
    </ClInclude>
    <ClInclude Include="Helper\Texture2D.h">
      <Filter>Helper</Filter>
    </ClInclude>
    <ClInclude Include="Helper\Camera.h">
      <Filter>Helper</Filter>
    </ClInclude>
    <ClInclude Include="Helper\Scene.h">
      <Filter>Helper</Filter>
    </ClInclude>
    <ClInclude Include="SceneBasic_Attributes.h" />
    <ClInclude Include="SceneRunner.h">
      <Filter>Helper</Filter>
    </ClInclude>
    <ClInclude Include="SceneBasic_Uniform.h" />
    <ClInclude Include="SceneBasic_Uniformblock.h" />
    <ClInclude Include="SceneSeparable.h" />
    <ClInclude Include="SceneDiffuse.h" />
    <ClInclude Include="Helper\Torus.h">
      <Filter>Helper</Filter>
    </ClInclude>
    <ClInclude Include="Helper\TriangleMesh.h">
      <Filter>Helper</Filter>
    </ClInclude>
    <ClInclude Include="Helper\Drawable.h">
      <Filter>Helper</Filter>
    </ClInclude>
    <ClInclude Include="ScenePhong.h" />
    <ClInclude Include="scenetwoside.h" />
    <ClInclude Include="Helper\teapot.h">
      <Filter>Helper</Filter>
    </ClInclude>
    <ClInclude Include="Helper\teapotdata.h">
      <Filter>Helper</Filter>
    </ClInclude>
    <ClInclude Include="sceneflat.h" />
    <ClInclude Include="Helper\objMesh.h">
      <Filter>Helper</Filter>
    </ClInclude>
    <ClInclude Include="Helper\aabb.h">
      <Filter>Helper</Filter>
    </ClInclude>
    <ClInclude Include="Helper\utils.h">
      <Filter>Helper</Filter>
    </ClInclude>
    <ClInclude Include="scenesubroutine.h" />
    <ClInclude Include="scenediscard.h" />
    <ClInclude Include="SceneMultilight.h" />
    <ClInclude Include="Helper\Plane.h">
      <Filter>Helper</Filter>
    </ClInclude>
    <ClInclude Include="Helper\glslprogram.h">
      <Filter>Helper</Filter>
    </ClInclude>
    <ClInclude Include="Helper\GLUtils.h">
      <Filter>Helper</Filter>
    </ClInclude>
    <ClInclude Include="SceneDirectional.h" />
    <ClInclude Include="ScenePerFragment.h" />
    <ClInclude Include="SceneSpot.h" />
    <ClInclude Include="SceneCartoon.h" />
    <ClInclude Include="SceneFog.h" />
    <ClInclude Include="SceneBPR.h" />
    <ClInclude Include="SceneTexture.h" />
    <ClInclude Include="Helper\Cube.h">
      <Filter>Helper</Filter>
    </ClInclude>
    <ClInclude Include="Helper\texture.h">
      <Filter>Helper</Filter>
    </ClInclude>
    <ClInclude Include="SceneMultiTex.h" />
    <ClInclude Include="scenealphatest.h" />
    <ClInclude Include="SceneNormal.h" />
    <ClInclude Include="SceneParallax.h" />
    <ClInclude Include="SceneReflectCube.h" />
    <ClInclude Include="Helper\skybox.h">
      <Filter>Helper</Filter>
    </ClInclude>
    <ClInclude Include="SceneRefractCube.h" />
    <ClInclude Include="..\..\ThirdParty\Lib\imgui\backends\imgui_impl_glfw.h">
      <Filter>imGui</Filter>
    </ClInclude>
    <ClInclude Include="..\..\ThirdParty\Lib\imgui\backends\imgui_impl_opengl3.h">
      <Filter>imGui</Filter>
    </ClInclude>
    <ClInclude Include="..\..\ThirdParty\Lib\imgui\backends\imgui_impl_opengl3_loader.h">
      <Filter>imGui</Filter>
    </ClInclude>
    <ClInclude Include="..\..\ThirdParty\Lib\imgui\backends\imgui_impl_win32.h">
      <Filter>imGui</Filter>
    </ClInclude>
    <ClInclude Include="SceneMOW.h" />
    <ClInclude Include="SceneRenderToTex.h" />
    <ClInclude Include="SceneSamplerObj.h" />
    <ClInclude Include="SceneDiffIbl.h" />
    <ClInclude Include="SceneEdgeDetection.h" />
    <ClInclude Include="SceneToneMap.h" />
    <ClInclude Include="Helper\Sphere.h">
      <Filter>Helper</Filter>
    </ClInclude>
    <ClInclude Include="SceneGausianBlur.h" />
    <ClInclude Include="SceneHDRBloom.h" />
    <ClInclude Include="SceneGamma.h" />
    <ClInclude Include="SceneMultiSampleAntiAliasing.h" />
    <ClInclude Include="SceneDeferredShading.h" />
    <ClInclude Include="SceneSpaceAmbientOcclusion.h" />
    <ClInclude Include="Helper\random.h">
      <Filter>Helper</Filter>
    </ClInclude>
    <ClInclude Include="SceneOrderIndependentTransparency.h" />
    <ClInclude Include="ScenePointSprites.h" />
    <ClInclude Include="SceneShadeWire.h" />
    <ClInclude Include="SceneSilhouette.h" />
    <ClInclude Include="SceneBezierCurve.h" />
    <ClInclude Include="SceneQuadTesselation2D.h" />
    <ClInclude Include="SceneTessTeapot.h" />
    <ClInclude Include="Helper\teapotpatch.h">
      <Filter>Helper</Filter>
    </ClInclude>
    <ClInclude Include="SceneTessTeapotDepth.h" />
    <ClInclude Include="SceneShadowMap.h" />
    <ClInclude Include="Helper\frustum.h">
      <Filter>Helper</Filter>
    </ClInclude>
    <ClInclude Include="ScenePcfFilter.h" />
    <ClInclude Include="Helper\noiseTex.h">
      <Filter>Helper</Filter>
    </ClInclude>
  </ItemGroup>
  <ItemGroup>
    <None Include="Shaders\uniform.vert">
      <Filter>Shaders</Filter>
    </None>
    <None Include="Shaders\uniform.frag">
      <Filter>Shaders</Filter>
    </None>
    <None Include="Shaders\Texture.frag">
      <Filter>Shaders</Filter>
    </None>
    <None Include="Shaders\Texture.vert">
      <Filter>Shaders</Filter>
    </None>
    <None Include="Shaders\camera.vert">
      <Filter>Shaders</Filter>
    </None>
    <None Include="Shaders\camera.frag">
      <Filter>Shaders</Filter>
    </None>
    <None Include="Shaders\basic_color.frag">
      <Filter>Shaders</Filter>
    </None>
    <None Include="Shaders\basic_color.vert">
      <Filter>Shaders</Filter>
    </None>
    <None Include="Shaders\basic.frag.glsl">
      <Filter>Shaders</Filter>
    </None>
    <None Include="Shaders\basic.vert.glsl">
      <Filter>Shaders</Filter>
    </None>
    <None Include="Shaders\basic_uniform.frag.glsl">
      <Filter>Shaders</Filter>
    </None>
    <None Include="Shaders\basic_uniform.vert.glsl">
      <Filter>Shaders</Filter>
    </None>
    <None Include="Shaders\basic_uniformblock.frag.glsl">
      <Filter>Shaders</Filter>
    </None>
    <None Include="Shaders\basic_uniformblock.vert.glsl">
      <Filter>Shaders</Filter>
    </None>
    <None Include="Shaders\separable.vert.glsl">
      <Filter>Shaders</Filter>
    </None>
    <None Include="Shaders\separable1.frag.glsl">
      <Filter>Shaders</Filter>
    </None>
    <None Include="Shaders\separable2.frag.glsl">
      <Filter>Shaders</Filter>
    </None>
    <None Include="Shaders\diffuse.vert.glsl">
      <Filter>Shaders</Filter>
    </None>
    <None Include="Shaders\diffuse.frag.glsl">
      <Filter>Shaders</Filter>
    </None>
    <None Include="Shaders\phong.vert.glsl">
      <Filter>Shaders</Filter>
    </None>
    <None Include="Shaders\phong.frag.glsl">
      <Filter>Shaders</Filter>
    </None>
    <None Include="Shaders\function.vert.glsl">
      <Filter>Shaders</Filter>
    </None>
    <None Include="Shaders\function.frag.glsl">
      <Filter>Shaders</Filter>
    </None>
    <None Include="Shaders\twoside.vert.glsl">
      <Filter>Shaders</Filter>
    </None>
    <None Include="Shaders\twoside.frag.glsl">
      <Filter>Shaders</Filter>
    </None>
    <None Include="Shaders\twoside_conditional.vert.glsl">
      <Filter>Shaders</Filter>
    </None>
    <None Include="Shaders\twoside_conditional.frag.glsl">
      <Filter>Shaders</Filter>
    </None>
    <None Include="Shaders\flat.vert.glsl">
      <Filter>Shaders</Filter>
    </None>
    <None Include="Shaders\flat.frag.glsl">
      <Filter>Shaders</Filter>
    </None>
    <None Include="Shaders\subroutine.vert.glsl">
      <Filter>Shaders</Filter>
    </None>
    <None Include="Shaders\subroutine.frag.glsl">
      <Filter>Shaders</Filter>
    </None>
    <None Include="Shaders\discard.vert.glsl">
      <Filter>Shaders</Filter>
    </None>
    <None Include="Shaders\discard.frag.glsl">
      <Filter>Shaders</Filter>
    </None>
    <None Include="Shaders\multilight.vert.glsl">
      <Filter>Shaders</Filter>
    </None>
    <None Include="Shaders\multilight.frag.glsl">
      <Filter>Shaders</Filter>
    </None>
    <None Include="Shaders\directional.vert.glsl">
      <Filter>Shaders</Filter>
    </None>
    <None Include="Shaders\directional.frag.glsl">
      <Filter>Shaders</Filter>
    </None>
    <None Include="Shaders\pbr.frag.glsl">
      <Filter>Shaders</Filter>
    </None>
    <None Include="Shaders\perfrag.vert.glsl">
      <Filter>Shaders</Filter>
    </None>
    <None Include="Shaders\perfrag.frag.glsl">
      <Filter>Shaders</Filter>
    </None>
    <None Include="Shaders\blinnphong.vert.glsl">
      <Filter>Shaders</Filter>
    </None>
    <None Include="Shaders\blinnphong.frag.glsl">
      <Filter>Shaders</Filter>
    </None>
    <None Include="Shaders\spot.vert.glsl">
      <Filter>Shaders</Filter>
    </None>
    <None Include="Shaders\spot.frag.glsl">
      <Filter>Shaders</Filter>
    </None>
    <None Include="Shaders\cartoon.vert.glsl">
      <Filter>Shaders</Filter>
    </None>
    <None Include="Shaders\cartoon.frag.glsl">
      <Filter>Shaders</Filter>
    </None>
    <None Include="Shaders\fog.vert.glsl">
      <Filter>Shaders</Filter>
    </None>
    <None Include="Shaders\fog.frag.glsl">
      <Filter>Shaders</Filter>
    </None>
    <None Include="Shaders\pbr.vert.glsl">
      <Filter>Shaders</Filter>
    </None>
    <None Include="Shaders\texture.vert.glsl">
      <Filter>Shaders</Filter>
    </None>
    <None Include="Shaders\texture.frag.glsl">
      <Filter>Shaders</Filter>
    </None>
    <None Include="Shaders\multitex.vert.glsl">
      <Filter>Shaders</Filter>
    </None>
    <None Include="Shaders\multitex.frag.glsl">
      <Filter>Shaders</Filter>
    </None>
    <None Include="Shaders\alphatest.frag.glsl">
      <Filter>Shaders</Filter>
    </None>
    <None Include="Shaders\alphatest.vert.glsl">
      <Filter>Shaders</Filter>
    </None>
    <None Include="Shaders\normalmap.vert.glsl">
      <Filter>Shaders</Filter>
    </None>
    <None Include="Shaders\normalmap.frag.glsl">
      <Filter>Shaders</Filter>
    </None>
    <None Include="Shaders\parallax.vert.glsl">
      <Filter>Shaders</Filter>
    </None>
    <None Include="Shaders\parallax.frag.glsl">
      <Filter>Shaders</Filter>
    </None>
    <None Include="Shaders\steep-parallax.frag.glsl">
      <Filter>Shaders</Filter>
    </None>
    <None Include="Shaders\steep-parallax.vert.glsl">
      <Filter>Shaders</Filter>
    </None>
    <None Include="Shaders\cubemap_reflects.vert.glsl">
      <Filter>Shaders</Filter>
    </None>
    <None Include="Shaders\cubemap_reflects.frag.glsl">
      <Filter>Shaders</Filter>
    </None>
    <None Include="Shaders\cubemap_refract.vert.glsl">
      <Filter>Shaders</Filter>
    </None>
    <None Include="Shaders\cubemap_refract.frag.glsl">
      <Filter>Shaders</Filter>
    </None>
    <None Include="Shaders\skybox.vert.glsl">
      <Filter>Shaders</Filter>
    </None>
    <None Include="Shaders\skybox.frag.glsl">
      <Filter>Shaders</Filter>
    </None>
    <None Include="Shaders\MOW_Ocean.frag.glsl">
      <Filter>Shaders</Filter>
    </None>
    <None Include="Shaders\MOW_Ocean.vert.glsl">
      <Filter>Shaders</Filter>
    </None>
    <None Include="Shaders\rendertotex.vert.glsl">
      <Filter>Shaders</Filter>
    </None>
    <None Include="Shaders\rendertotex.frag.glsl">
      <Filter>Shaders</Filter>
    </None>
    <None Include="Shaders\diffuseibl.vert.glsl">
      <Filter>Shaders</Filter>
    </None>
    <None Include="Shaders\diffuseibl.frag.glsl">
      <Filter>Shaders</Filter>
    </None>
    <None Include="Shaders\edge.vert.glsl">
      <Filter>Shaders</Filter>
    </None>
    <None Include="Shaders\edge.frag.glsl">
      <Filter>Shaders</Filter>
    </None>
    <None Include="Shaders\Ocean.tes.glsl">
      <Filter>Shaders</Filter>
    </None>
    <None Include="Shaders\Ocean.tcs.glsl">
      <Filter>Shaders</Filter>
    </None>
    <None Include="Shaders\Ocean.vert.glsl">
      <Filter>Shaders</Filter>
    </None>
    <None Include="Shaders\Ocean.frag.glsl">
      <Filter>Shaders</Filter>
    </None>
    <None Include="Shaders\tonemap.vert.glsl">
      <Filter>Shaders</Filter>
    </None>
    <None Include="Shaders\tonemap.frag.glsl">
      <Filter>Shaders</Filter>
    </None>
    <None Include="Shaders\blur.vert.glsl">
      <Filter>Shaders</Filter>
    </None>
    <None Include="Shaders\blur.frag.glsl">
      <Filter>Shaders</Filter>
    </None>
    <None Include="Shaders\hdrbloom.vert.glsl">
      <Filter>Shaders</Filter>
    </None>
    <None Include="Shaders\hdrbloom.frag.glsl">
      <Filter>Shaders</Filter>
    </None>
    <None Include="Shaders\gamma.vert.glsl">
      <Filter>Shaders</Filter>
    </None>
    <None Include="Shaders\gamma.frag.glsl">
      <Filter>Shaders</Filter>
    </None>
    <None Include="Shaders\centroids.vert.glsl">
      <Filter>Shaders</Filter>
    </None>
    <None Include="Shaders\centroids.frag.glsl">
      <Filter>Shaders</Filter>
    </None>
    <None Include="Shaders\deferred.vert.glsl">
      <Filter>Shaders</Filter>
    </None>
    <None Include="Shaders\deferred.frag.glsl">
      <Filter>Shaders</Filter>
    </None>
    <None Include="Shaders\ssao.vert.glsl">
      <Filter>Shaders</Filter>
    </None>
    <None Include="Shaders\ssao.frag.glsl">
      <Filter>Shaders</Filter>
    </None>
    <None Include="Shaders\oit.frag.glsl">
      <Filter>Shaders</Filter>
    </None>
    <None Include="Shaders\oit.vert.glsl">
      <Filter>Shaders</Filter>
    </None>
    <None Include="Shaders\pointssprite.vert.glsl">
      <Filter>Shaders</Filter>
    </None>
    <None Include="Shaders\pointssprite.frag.glsl">
      <Filter>Shaders</Filter>
    </None>
    <None Include="Shaders\pointssprite.geom.glsl">
      <Filter>Shaders</Filter>
    </None>
    <None Include="Shaders\shadewire.vert.glsl">
      <Filter>Shaders</Filter>
    </None>
    <None Include="Shaders\shadewire.frag.glsl">
      <Filter>Shaders</Filter>
    </None>
    <None Include="Shaders\shadewire.geom.glsl">
      <Filter>Shaders</Filter>
    </None>
    <None Include="Shaders\silhouette.vert.glsl">
      <Filter>Shaders</Filter>
    </None>
    <None Include="Shaders\silhouette.frag.glsl">
      <Filter>Shaders</Filter>
    </None>
    <None Include="Shaders\silhouette.geom.glsl">
      <Filter>Shaders</Filter>
    </None>
    <None Include="Shaders\bezcurve.vert.glsl">
      <Filter>Shaders</Filter>
    </None>
    <None Include="Shaders\bezcurve.frag.glsl">
      <Filter>Shaders</Filter>
    </None>
    <None Include="Shaders\bezcurve.tcs.glsl">
      <Filter>Shaders</Filter>
    </None>
    <None Include="Shaders\bezcurve.tes.glsl">
      <Filter>Shaders</Filter>
    </None>
    <None Include="Shaders\solid.vert.glsl">
      <Filter>Shaders</Filter>
    </None>
    <None Include="Shaders\solid.frag.glsl">
      <Filter>Shaders</Filter>
    </None>
    <None Include="Shaders\quadtess.vert.glsl">
      <Filter>Shaders</Filter>
    </None>
    <None Include="Shaders\quadtess.frag.glsl">
      <Filter>Shaders</Filter>
    </None>
    <None Include="Shaders\quadtess.tcs.glsl">
      <Filter>Shaders</Filter>
    </None>
    <None Include="Shaders\quadtess.tes.glsl">
      <Filter>Shaders</Filter>
    </None>
    <None Include="Shaders\quadtess.geom.glsl">
      <Filter>Shaders</Filter>
    </None>
    <None Include="Shaders\tessteapot.vert.glsl">
      <Filter>Shaders</Filter>
    </None>
    <None Include="Shaders\tessteapot.frag.glsl">
      <Filter>Shaders</Filter>
    </None>
    <None Include="Shaders\tessteapot.tcs.glsl">
      <Filter>Shaders</Filter>
    </None>
    <None Include="Shaders\tessteapot.tes.glsl">
      <Filter>Shaders</Filter>
    </None>
    <None Include="Shaders\tessteapot.geom.glsl">
      <Filter>Shaders</Filter>
    </None>
    <None Include="Shaders\tessteapotdepth.vert.glsl">
      <Filter>Shaders</Filter>
    </None>
    <None Include="Shaders\tessteapotdepth.frag.glsl">
      <Filter>Shaders</Filter>
    </None>
    <None Include="Shaders\tessteapotdepth.tcs.glsl">
      <Filter>Shaders</Filter>
    </None>
    <None Include="Shaders\tessteapotdepth.tes.glsl">
      <Filter>Shaders</Filter>
    </None>
    <None Include="Shaders\tessteapotdepth.geom.glsl">
      <Filter>Shaders</Filter>
    </None>
    <None Include="Shaders\shadowmap.vert.glsl">
      <Filter>Shaders</Filter>
    </None>
    <None Include="Shaders\shadowmap.frag.glsl">
      <Filter>Shaders</Filter>
    </None>
    <None Include="Shaders\pcf.vert.glsl">
      <Filter>Shaders</Filter>
    </None>
    <None Include="Shaders\pcf.frag.glsl">
      <Filter>Shaders</Filter>
    </None>
  </ItemGroup>
</Project>